
Microsoft Visual Studio Solution File, Format Version 12.00
# Visual Studio Version 17
VisualStudioVersion = 17.1.32319.34
MinimumVisualStudioVersion = 10.0.40219.1
Project("{8BC9CEB8-8B4A-11D0-8D11-00A0C91BC942}") = "CPP_slowa_kluczowe", "CPP_slowa_kluczowe\CPP_slowa_kluczowe.vcxproj", "{360E958A-5053-4E29-A4A5-679C9F8E21ED}"
EndProject
Project("{8BC9CEB8-8B4A-11D0-8D11-00A0C91BC942}") = "Constexpr", "Constexpr\Constexpr.vcxproj", "{BA572D7C-7739-4F37-9CF9-66C8DE2951C8}"
EndProject
Project("{8BC9CEB8-8B4A-11D0-8D11-00A0C91BC942}") = "Ctor-delegacja", "Ctor-delegacja\Ctor-delegacja.vcxproj", "{5838C53E-7116-4DF0-9D55-E75C7069987B}"
EndProject
Project("{8BC9CEB8-8B4A-11D0-8D11-00A0C91BC942}") = "Enum_class", "Enum_class\Enum_class.vcxproj", "{95930766-CFB3-448A-9ED1-FB60DEF96C56}"
EndProject
Project("{8BC9CEB8-8B4A-11D0-8D11-00A0C91BC942}") = "Tuple", "Tuple\Tuple.vcxproj", "{9C9470B2-5E16-43E0-A470-DAF6F14E4570}"
EndProject
Project("{8BC9CEB8-8B4A-11D0-8D11-00A0C91BC942}") = "Rvalue", "Rvalue\Rvalue.vcxproj", "{125301DB-4A47-4747-A374-4CC46D01138C}"
EndProject
Project("{8BC9CEB8-8B4A-11D0-8D11-00A0C91BC942}") = "Initializer_list", "Initializer_list\Initializer_list.vcxproj", "{C9B00A63-9CF6-4753-A90B-D6A8F36B118A}"
EndProject
Project("{8BC9CEB8-8B4A-11D0-8D11-00A0C91BC942}") = "Parameter_pack", "Parameter_pack\Parameter_pack.vcxproj", "{39562CBE-6B31-4D3D-851A-9DF97D62B178}"
EndProject
Project("{8BC9CEB8-8B4A-11D0-8D11-00A0C91BC942}") = "14_auto_return", "14_auto_return\14_auto_return.vcxproj", "{964E9787-E9D5-4E0A-82F8-C4240564551C}"
EndProject
Project("{8BC9CEB8-8B4A-11D0-8D11-00A0C91BC942}") = "14_variable_template", "14_variable_template\14_variable_template.vcxproj", "{264373B5-9BAF-4635-A716-2532322FA462}"
EndProject
Project("{8BC9CEB8-8B4A-11D0-8D11-00A0C91BC942}") = "14_integers", "14_integers\14_integers.vcxproj", "{572D9C61-7AA6-4813-8F70-E1DED8F298AD}"
EndProject
Project("{8BC9CEB8-8B4A-11D0-8D11-00A0C91BC942}") = "14_deprecated", "14_deprecated\14_deprecated.vcxproj", "{2DAAC7B7-144A-4CBF-8154-98D61FD60816}"
EndProject
Project("{8BC9CEB8-8B4A-11D0-8D11-00A0C91BC942}") = "14_exchange", "14_exchange\14_exchange.vcxproj", "{7EF20A25-9243-4694-B67B-C9FD99A12957}"
EndProject
Project("{8BC9CEB8-8B4A-11D0-8D11-00A0C91BC942}") = "Static_assert", "Static_assert\Static_assert.vcxproj", "{778F8C0D-AFD8-438F-8030-102D90DB4722}"
EndProject
Project("{8BC9CEB8-8B4A-11D0-8D11-00A0C91BC942}") = "17_attributes", "17_attributes\17_attributes.vcxproj", "{8047A03A-8D7D-4C66-9794-6C22667B0723}"
EndProject
Project("{8BC9CEB8-8B4A-11D0-8D11-00A0C91BC942}") = "17Fold_expressions", "17Fold_expressions\17Fold_expressions.vcxproj", "{E0391B3F-2E1B-441C-ABC7-C5E3F8843293}"
EndProject
Project("{8BC9CEB8-8B4A-11D0-8D11-00A0C91BC942}") = "17ctor_type_deduction", "17ctor_type_deduction\17ctor_type_deduction.vcxproj", "{C5D91138-0266-4207-8239-9297A417A19C}"
EndProject
Project("{8BC9CEB8-8B4A-11D0-8D11-00A0C91BC942}") = "17_optional", "17_optional\17_optional.vcxproj", "{9D9DAE5A-6C55-4D79-A7F0-A378951738C1}"
EndProject
Project("{8BC9CEB8-8B4A-11D0-8D11-00A0C91BC942}") = "Test4", "Test4\Test4.vcxproj", "{D25134C9-056D-46A6-86BE-CA55D653895A}"
EndProject
Global
	GlobalSection(SolutionConfigurationPlatforms) = preSolution
		Debug|x64 = Debug|x64
		Debug|x86 = Debug|x86
		Release|x64 = Release|x64
		Release|x86 = Release|x86
	EndGlobalSection
	GlobalSection(ProjectConfigurationPlatforms) = postSolution
		{360E958A-5053-4E29-A4A5-679C9F8E21ED}.Debug|x64.ActiveCfg = Debug|x64
		{360E958A-5053-4E29-A4A5-679C9F8E21ED}.Debug|x64.Build.0 = Debug|x64
		{360E958A-5053-4E29-A4A5-679C9F8E21ED}.Debug|x86.ActiveCfg = Debug|Win32
		{360E958A-5053-4E29-A4A5-679C9F8E21ED}.Debug|x86.Build.0 = Debug|Win32
		{360E958A-5053-4E29-A4A5-679C9F8E21ED}.Release|x64.ActiveCfg = Release|x64
		{360E958A-5053-4E29-A4A5-679C9F8E21ED}.Release|x64.Build.0 = Release|x64
		{360E958A-5053-4E29-A4A5-679C9F8E21ED}.Release|x86.ActiveCfg = Release|Win32
		{360E958A-5053-4E29-A4A5-679C9F8E21ED}.Release|x86.Build.0 = Release|Win32
		{BA572D7C-7739-4F37-9CF9-66C8DE2951C8}.Debug|x64.ActiveCfg = Debug|x64
		{BA572D7C-7739-4F37-9CF9-66C8DE2951C8}.Debug|x64.Build.0 = Debug|x64
		{BA572D7C-7739-4F37-9CF9-66C8DE2951C8}.Debug|x86.ActiveCfg = Debug|Win32
		{BA572D7C-7739-4F37-9CF9-66C8DE2951C8}.Debug|x86.Build.0 = Debug|Win32
		{BA572D7C-7739-4F37-9CF9-66C8DE2951C8}.Release|x64.ActiveCfg = Release|x64
		{BA572D7C-7739-4F37-9CF9-66C8DE2951C8}.Release|x64.Build.0 = Release|x64
		{BA572D7C-7739-4F37-9CF9-66C8DE2951C8}.Release|x86.ActiveCfg = Release|Win32
		{BA572D7C-7739-4F37-9CF9-66C8DE2951C8}.Release|x86.Build.0 = Release|Win32
		{5838C53E-7116-4DF0-9D55-E75C7069987B}.Debug|x64.ActiveCfg = Debug|x64
		{5838C53E-7116-4DF0-9D55-E75C7069987B}.Debug|x64.Build.0 = Debug|x64
		{5838C53E-7116-4DF0-9D55-E75C7069987B}.Debug|x86.ActiveCfg = Debug|Win32
		{5838C53E-7116-4DF0-9D55-E75C7069987B}.Debug|x86.Build.0 = Debug|Win32
		{5838C53E-7116-4DF0-9D55-E75C7069987B}.Release|x64.ActiveCfg = Release|x64
		{5838C53E-7116-4DF0-9D55-E75C7069987B}.Release|x64.Build.0 = Release|x64
		{5838C53E-7116-4DF0-9D55-E75C7069987B}.Release|x86.ActiveCfg = Release|Win32
		{5838C53E-7116-4DF0-9D55-E75C7069987B}.Release|x86.Build.0 = Release|Win32
		{95930766-CFB3-448A-9ED1-FB60DEF96C56}.Debug|x64.ActiveCfg = Debug|x64
		{95930766-CFB3-448A-9ED1-FB60DEF96C56}.Debug|x64.Build.0 = Debug|x64
		{95930766-CFB3-448A-9ED1-FB60DEF96C56}.Debug|x86.ActiveCfg = Debug|Win32
		{95930766-CFB3-448A-9ED1-FB60DEF96C56}.Debug|x86.Build.0 = Debug|Win32
		{95930766-CFB3-448A-9ED1-FB60DEF96C56}.Release|x64.ActiveCfg = Release|x64
		{95930766-CFB3-448A-9ED1-FB60DEF96C56}.Release|x64.Build.0 = Release|x64
		{95930766-CFB3-448A-9ED1-FB60DEF96C56}.Release|x86.ActiveCfg = Release|Win32
		{95930766-CFB3-448A-9ED1-FB60DEF96C56}.Release|x86.Build.0 = Release|Win32
		{9C9470B2-5E16-43E0-A470-DAF6F14E4570}.Debug|x64.ActiveCfg = Debug|x64
		{9C9470B2-5E16-43E0-A470-DAF6F14E4570}.Debug|x64.Build.0 = Debug|x64
		{9C9470B2-5E16-43E0-A470-DAF6F14E4570}.Debug|x86.ActiveCfg = Debug|Win32
		{9C9470B2-5E16-43E0-A470-DAF6F14E4570}.Debug|x86.Build.0 = Debug|Win32
		{9C9470B2-5E16-43E0-A470-DAF6F14E4570}.Release|x64.ActiveCfg = Release|x64
		{9C9470B2-5E16-43E0-A470-DAF6F14E4570}.Release|x64.Build.0 = Release|x64
		{9C9470B2-5E16-43E0-A470-DAF6F14E4570}.Release|x86.ActiveCfg = Release|Win32
		{9C9470B2-5E16-43E0-A470-DAF6F14E4570}.Release|x86.Build.0 = Release|Win32
		{125301DB-4A47-4747-A374-4CC46D01138C}.Debug|x64.ActiveCfg = Debug|x64
		{125301DB-4A47-4747-A374-4CC46D01138C}.Debug|x64.Build.0 = Debug|x64
		{125301DB-4A47-4747-A374-4CC46D01138C}.Debug|x86.ActiveCfg = Debug|Win32
		{125301DB-4A47-4747-A374-4CC46D01138C}.Debug|x86.Build.0 = Debug|Win32
		{125301DB-4A47-4747-A374-4CC46D01138C}.Release|x64.ActiveCfg = Release|x64
		{125301DB-4A47-4747-A374-4CC46D01138C}.Release|x64.Build.0 = Release|x64
		{125301DB-4A47-4747-A374-4CC46D01138C}.Release|x86.ActiveCfg = Release|Win32
		{125301DB-4A47-4747-A374-4CC46D01138C}.Release|x86.Build.0 = Release|Win32
		{C9B00A63-9CF6-4753-A90B-D6A8F36B118A}.Debug|x64.ActiveCfg = Debug|x64
		{C9B00A63-9CF6-4753-A90B-D6A8F36B118A}.Debug|x64.Build.0 = Debug|x64
		{C9B00A63-9CF6-4753-A90B-D6A8F36B118A}.Debug|x86.ActiveCfg = Debug|Win32
		{C9B00A63-9CF6-4753-A90B-D6A8F36B118A}.Debug|x86.Build.0 = Debug|Win32
		{C9B00A63-9CF6-4753-A90B-D6A8F36B118A}.Release|x64.ActiveCfg = Release|x64
		{C9B00A63-9CF6-4753-A90B-D6A8F36B118A}.Release|x64.Build.0 = Release|x64
		{C9B00A63-9CF6-4753-A90B-D6A8F36B118A}.Release|x86.ActiveCfg = Release|Win32
		{C9B00A63-9CF6-4753-A90B-D6A8F36B118A}.Release|x86.Build.0 = Release|Win32
		{39562CBE-6B31-4D3D-851A-9DF97D62B178}.Debug|x64.ActiveCfg = Debug|x64
		{39562CBE-6B31-4D3D-851A-9DF97D62B178}.Debug|x64.Build.0 = Debug|x64
		{39562CBE-6B31-4D3D-851A-9DF97D62B178}.Debug|x86.ActiveCfg = Debug|Win32
		{39562CBE-6B31-4D3D-851A-9DF97D62B178}.Debug|x86.Build.0 = Debug|Win32
		{39562CBE-6B31-4D3D-851A-9DF97D62B178}.Release|x64.ActiveCfg = Release|x64
		{39562CBE-6B31-4D3D-851A-9DF97D62B178}.Release|x64.Build.0 = Release|x64
		{39562CBE-6B31-4D3D-851A-9DF97D62B178}.Release|x86.ActiveCfg = Release|Win32
		{39562CBE-6B31-4D3D-851A-9DF97D62B178}.Release|x86.Build.0 = Release|Win32
		{964E9787-E9D5-4E0A-82F8-C4240564551C}.Debug|x64.ActiveCfg = Debug|x64
		{964E9787-E9D5-4E0A-82F8-C4240564551C}.Debug|x64.Build.0 = Debug|x64
		{964E9787-E9D5-4E0A-82F8-C4240564551C}.Debug|x86.ActiveCfg = Debug|Win32
		{964E9787-E9D5-4E0A-82F8-C4240564551C}.Debug|x86.Build.0 = Debug|Win32
		{964E9787-E9D5-4E0A-82F8-C4240564551C}.Release|x64.ActiveCfg = Release|x64
		{964E9787-E9D5-4E0A-82F8-C4240564551C}.Release|x64.Build.0 = Release|x64
		{964E9787-E9D5-4E0A-82F8-C4240564551C}.Release|x86.ActiveCfg = Release|Win32
		{964E9787-E9D5-4E0A-82F8-C4240564551C}.Release|x86.Build.0 = Release|Win32
		{264373B5-9BAF-4635-A716-2532322FA462}.Debug|x64.ActiveCfg = Debug|x64
		{264373B5-9BAF-4635-A716-2532322FA462}.Debug|x64.Build.0 = Debug|x64
		{264373B5-9BAF-4635-A716-2532322FA462}.Debug|x86.ActiveCfg = Debug|Win32
		{264373B5-9BAF-4635-A716-2532322FA462}.Debug|x86.Build.0 = Debug|Win32
		{264373B5-9BAF-4635-A716-2532322FA462}.Release|x64.ActiveCfg = Release|x64
		{264373B5-9BAF-4635-A716-2532322FA462}.Release|x64.Build.0 = Release|x64
		{264373B5-9BAF-4635-A716-2532322FA462}.Release|x86.ActiveCfg = Release|Win32
		{264373B5-9BAF-4635-A716-2532322FA462}.Release|x86.Build.0 = Release|Win32
		{572D9C61-7AA6-4813-8F70-E1DED8F298AD}.Debug|x64.ActiveCfg = Debug|x64
		{572D9C61-7AA6-4813-8F70-E1DED8F298AD}.Debug|x64.Build.0 = Debug|x64
		{572D9C61-7AA6-4813-8F70-E1DED8F298AD}.Debug|x86.ActiveCfg = Debug|Win32
		{572D9C61-7AA6-4813-8F70-E1DED8F298AD}.Debug|x86.Build.0 = Debug|Win32
		{572D9C61-7AA6-4813-8F70-E1DED8F298AD}.Release|x64.ActiveCfg = Release|x64
		{572D9C61-7AA6-4813-8F70-E1DED8F298AD}.Release|x64.Build.0 = Release|x64
		{572D9C61-7AA6-4813-8F70-E1DED8F298AD}.Release|x86.ActiveCfg = Release|Win32
		{572D9C61-7AA6-4813-8F70-E1DED8F298AD}.Release|x86.Build.0 = Release|Win32
		{2DAAC7B7-144A-4CBF-8154-98D61FD60816}.Debug|x64.ActiveCfg = Debug|x64
		{2DAAC7B7-144A-4CBF-8154-98D61FD60816}.Debug|x64.Build.0 = Debug|x64
		{2DAAC7B7-144A-4CBF-8154-98D61FD60816}.Debug|x86.ActiveCfg = Debug|Win32
		{2DAAC7B7-144A-4CBF-8154-98D61FD60816}.Debug|x86.Build.0 = Debug|Win32
		{2DAAC7B7-144A-4CBF-8154-98D61FD60816}.Release|x64.ActiveCfg = Release|x64
		{2DAAC7B7-144A-4CBF-8154-98D61FD60816}.Release|x64.Build.0 = Release|x64
		{2DAAC7B7-144A-4CBF-8154-98D61FD60816}.Release|x86.ActiveCfg = Release|Win32
		{2DAAC7B7-144A-4CBF-8154-98D61FD60816}.Release|x86.Build.0 = Release|Win32
		{7EF20A25-9243-4694-B67B-C9FD99A12957}.Debug|x64.ActiveCfg = Debug|x64
		{7EF20A25-9243-4694-B67B-C9FD99A12957}.Debug|x64.Build.0 = Debug|x64
		{7EF20A25-9243-4694-B67B-C9FD99A12957}.Debug|x86.ActiveCfg = Debug|Win32
		{7EF20A25-9243-4694-B67B-C9FD99A12957}.Debug|x86.Build.0 = Debug|Win32
		{7EF20A25-9243-4694-B67B-C9FD99A12957}.Release|x64.ActiveCfg = Release|x64
		{7EF20A25-9243-4694-B67B-C9FD99A12957}.Release|x64.Build.0 = Release|x64
		{7EF20A25-9243-4694-B67B-C9FD99A12957}.Release|x86.ActiveCfg = Release|Win32
		{7EF20A25-9243-4694-B67B-C9FD99A12957}.Release|x86.Build.0 = Release|Win32
		{778F8C0D-AFD8-438F-8030-102D90DB4722}.Debug|x64.ActiveCfg = Debug|x64
		{778F8C0D-AFD8-438F-8030-102D90DB4722}.Debug|x64.Build.0 = Debug|x64
		{778F8C0D-AFD8-438F-8030-102D90DB4722}.Debug|x86.ActiveCfg = Debug|Win32
		{778F8C0D-AFD8-438F-8030-102D90DB4722}.Debug|x86.Build.0 = Debug|Win32
		{778F8C0D-AFD8-438F-8030-102D90DB4722}.Release|x64.ActiveCfg = Release|x64
		{778F8C0D-AFD8-438F-8030-102D90DB4722}.Release|x64.Build.0 = Release|x64
		{778F8C0D-AFD8-438F-8030-102D90DB4722}.Release|x86.ActiveCfg = Release|Win32
		{778F8C0D-AFD8-438F-8030-102D90DB4722}.Release|x86.Build.0 = Release|Win32
		{8047A03A-8D7D-4C66-9794-6C22667B0723}.Debug|x64.ActiveCfg = Debug|x64
		{8047A03A-8D7D-4C66-9794-6C22667B0723}.Debug|x64.Build.0 = Debug|x64
		{8047A03A-8D7D-4C66-9794-6C22667B0723}.Debug|x86.ActiveCfg = Debug|Win32
		{8047A03A-8D7D-4C66-9794-6C22667B0723}.Debug|x86.Build.0 = Debug|Win32
		{8047A03A-8D7D-4C66-9794-6C22667B0723}.Release|x64.ActiveCfg = Release|x64
		{8047A03A-8D7D-4C66-9794-6C22667B0723}.Release|x64.Build.0 = Release|x64
		{8047A03A-8D7D-4C66-9794-6C22667B0723}.Release|x86.ActiveCfg = Release|Win32
		{8047A03A-8D7D-4C66-9794-6C22667B0723}.Release|x86.Build.0 = Release|Win32
		{E0391B3F-2E1B-441C-ABC7-C5E3F8843293}.Debug|x64.ActiveCfg = Debug|x64
		{E0391B3F-2E1B-441C-ABC7-C5E3F8843293}.Debug|x64.Build.0 = Debug|x64
		{E0391B3F-2E1B-441C-ABC7-C5E3F8843293}.Debug|x86.ActiveCfg = Debug|Win32
		{E0391B3F-2E1B-441C-ABC7-C5E3F8843293}.Debug|x86.Build.0 = Debug|Win32
		{E0391B3F-2E1B-441C-ABC7-C5E3F8843293}.Release|x64.ActiveCfg = Release|x64
		{E0391B3F-2E1B-441C-ABC7-C5E3F8843293}.Release|x64.Build.0 = Release|x64
		{E0391B3F-2E1B-441C-ABC7-C5E3F8843293}.Release|x86.ActiveCfg = Release|Win32
		{E0391B3F-2E1B-441C-ABC7-C5E3F8843293}.Release|x86.Build.0 = Release|Win32
		{C5D91138-0266-4207-8239-9297A417A19C}.Debug|x64.ActiveCfg = Debug|x64
		{C5D91138-0266-4207-8239-9297A417A19C}.Debug|x64.Build.0 = Debug|x64
		{C5D91138-0266-4207-8239-9297A417A19C}.Debug|x86.ActiveCfg = Debug|Win32
		{C5D91138-0266-4207-8239-9297A417A19C}.Debug|x86.Build.0 = Debug|Win32
		{C5D91138-0266-4207-8239-9297A417A19C}.Release|x64.ActiveCfg = Release|x64
		{C5D91138-0266-4207-8239-9297A417A19C}.Release|x64.Build.0 = Release|x64
		{C5D91138-0266-4207-8239-9297A417A19C}.Release|x86.ActiveCfg = Release|Win32
		{C5D91138-0266-4207-8239-9297A417A19C}.Release|x86.Build.0 = Release|Win32
		{9D9DAE5A-6C55-4D79-A7F0-A378951738C1}.Debug|x64.ActiveCfg = Debug|x64
		{9D9DAE5A-6C55-4D79-A7F0-A378951738C1}.Debug|x64.Build.0 = Debug|x64
		{9D9DAE5A-6C55-4D79-A7F0-A378951738C1}.Debug|x86.ActiveCfg = Debug|Win32
		{9D9DAE5A-6C55-4D79-A7F0-A378951738C1}.Debug|x86.Build.0 = Debug|Win32
		{9D9DAE5A-6C55-4D79-A7F0-A378951738C1}.Release|x64.ActiveCfg = Release|x64
		{9D9DAE5A-6C55-4D79-A7F0-A378951738C1}.Release|x64.Build.0 = Release|x64
		{9D9DAE5A-6C55-4D79-A7F0-A378951738C1}.Release|x86.ActiveCfg = Release|Win32
		{9D9DAE5A-6C55-4D79-A7F0-A378951738C1}.Release|x86.Build.0 = Release|Win32
		{D25134C9-056D-46A6-86BE-CA55D653895A}.Debug|x64.ActiveCfg = Debug|x64
		{D25134C9-056D-46A6-86BE-CA55D653895A}.Debug|x64.Build.0 = Debug|x64
		{D25134C9-056D-46A6-86BE-CA55D653895A}.Debug|x86.ActiveCfg = Debug|Win32
		{D25134C9-056D-46A6-86BE-CA55D653895A}.Debug|x86.Build.0 = Debug|Win32
		{D25134C9-056D-46A6-86BE-CA55D653895A}.Release|x64.ActiveCfg = Release|x64
		{D25134C9-056D-46A6-86BE-CA55D653895A}.Release|x64.Build.0 = Release|x64
		{D25134C9-056D-46A6-86BE-CA55D653895A}.Release|x86.ActiveCfg = Release|Win32
		{D25134C9-056D-46A6-86BE-CA55D653895A}.Release|x86.Build.0 = Release|Win32
	EndGlobalSection
	GlobalSection(SolutionProperties) = preSolution
		HideSolutionNode = FALSE
	EndGlobalSection
	GlobalSection(ExtensibilityGlobals) = postSolution
		SolutionGuid = {A1887724-9492-478E-80F5-413C00387164}
	EndGlobalSection
EndGlobal
